<?xml version="1.0" encoding="utf-8"?>
<Project ToolsVersion="4.0" xmlns="http://schemas.microsoft.com/developer/msbuild/2003">
  <ItemGroup>
    <Filter Include="cxxopts">
      <UniqueIdentifier>{93d88f36-0869-48ea-ac2a-f715b741c9c0}</UniqueIdentifier>
    </Filter>
    <Filter Include="getoptpp">
      <UniqueIdentifier>{8af5188f-d054-42b3-8a11-ed9a6b632aba}</UniqueIdentifier>
    </Filter>
    <Filter Include="progress-cpp">
      <UniqueIdentifier>{e36b5630-a0e5-4582-8e33-85d1a264f9a9}</UniqueIdentifier>
    </Filter>
  </ItemGroup>
  <ItemGroup>
    <ClInclude Include="Args.hpp" />
    <ClInclude Include="Arrays.hpp" />
    <ClInclude Include="CudaInterop.h" />
    <ClInclude Include="Domain.hpp" />
    <ClInclude Include="Real.hpp" />
    <ClInclude Include="Valuations.hpp" />
    <ClInclude Include="ValuationConstants.hpp" />
    <ClInclude Include="cxxopts\cxxopts.hpp">
      <Filter>cxxopts</Filter>
    </ClInclude>
    <ClInclude Include="getoptpp\getopt_pp.h">
      <Filter>getoptpp</Filter>
    </ClInclude>
    <ClInclude Include="getoptpp\getopt_pp_standalone.h">
      <Filter>getoptpp</Filter>
    </ClInclude>
    <ClInclude Include="progress-cpp\ProgressBar.hpp">
      <Filter>progress-cpp</Filter>
    </ClInclude>
  </ItemGroup>
  <ItemGroup>
    <ClCompile Include="getoptpp\getopt_pp.cpp">
      <Filter>getoptpp</Filter>
    </ClCompile>
  </ItemGroup>
</Project>